
Microsoft Visual Studio Solution File, Format Version 12.00
# Visual Studio 15
VisualStudioVersion = 15.0.28010.2016
MinimumVisualStudioVersion = 10.0.40219.1
Project("{FAE04EC0-301F-11D3-BF4B-00C04F79EFBC}") = "AoCli", "AoCli\AoCli.csproj", "{DADBCCB8-DCB0-44E2-A5F9-40FFB7EA9D8A}"
EndProject
Project("{FAE04EC0-301F-11D3-BF4B-00C04F79EFBC}") = "AsyncTasks", "AsyncTasks\AsyncTasks.csproj", "{41091123-7BB9-44D8-88E1-81D7E54D8B4D}"
EndProject
Project("{FAE04EC0-301F-11D3-BF4B-00C04F79EFBC}") = "AoWpf", "AoWpf\AoWpf.csproj", "{C53465EC-CE23-42E0-9F1F-20CBA39AB297}"
EndProject
Project("{FAE04EC0-301F-11D3-BF4B-00C04F79EFBC}") = "GdalCli", "GdalCli\GdalCli.csproj", "{7E283F45-62EC-4BB3-B4A7-157523692287}"
EndProject
Project("{2150E333-8FDC-42A3-9474-1A3956D46DE8}") = "Ao", "Ao", "{70B997B7-208E-4C9C-BF57-CC644A2E62D4}"
EndProject
Project("{FAE04EC0-301F-11D3-BF4B-00C04F79EFBC}") = "AoData", "AoData\AoData.csproj", "{82D95562-E9B0-4632-A349-55485217DEA0}"
EndProject
Global
	GlobalSection(SolutionConfigurationPlatforms) = preSolution
		Debug|Any CPU = Debug|Any CPU
		Debug|x86 = Debug|x86
		Release|Any CPU = Release|Any CPU
		Release|x86 = Release|x86
	EndGlobalSection
	GlobalSection(ProjectConfigurationPlatforms) = postSolution
		{DADBCCB8-DCB0-44E2-A5F9-40FFB7EA9D8A}.Debug|Any CPU.ActiveCfg = Debug|Any CPU
		{DADBCCB8-DCB0-44E2-A5F9-40FFB7EA9D8A}.Debug|Any CPU.Build.0 = Debug|Any CPU
		{DADBCCB8-DCB0-44E2-A5F9-40FFB7EA9D8A}.Debug|x86.ActiveCfg = Debug|Any CPU
		{DADBCCB8-DCB0-44E2-A5F9-40FFB7EA9D8A}.Debug|x86.Build.0 = Debug|Any CPU
		{DADBCCB8-DCB0-44E2-A5F9-40FFB7EA9D8A}.Release|Any CPU.ActiveCfg = Release|Any CPU
		{DADBCCB8-DCB0-44E2-A5F9-40FFB7EA9D8A}.Release|Any CPU.Build.0 = Release|Any CPU
		{DADBCCB8-DCB0-44E2-A5F9-40FFB7EA9D8A}.Release|x86.ActiveCfg = Release|Any CPU
		{DADBCCB8-DCB0-44E2-A5F9-40FFB7EA9D8A}.Release|x86.Build.0 = Release|Any CPU
		{41091123-7BB9-44D8-88E1-81D7E54D8B4D}.Debug|Any CPU.ActiveCfg = Debug|Any CPU
		{41091123-7BB9-44D8-88E1-81D7E54D8B4D}.Debug|Any CPU.Build.0 = Debug|Any CPU
		{41091123-7BB9-44D8-88E1-81D7E54D8B4D}.Debug|x86.ActiveCfg = Debug|Any CPU
		{41091123-7BB9-44D8-88E1-81D7E54D8B4D}.Debug|x86.Build.0 = Debug|Any CPU
		{41091123-7BB9-44D8-88E1-81D7E54D8B4D}.Release|Any CPU.ActiveCfg = Release|Any CPU
		{41091123-7BB9-44D8-88E1-81D7E54D8B4D}.Release|Any CPU.Build.0 = Release|Any CPU
		{41091123-7BB9-44D8-88E1-81D7E54D8B4D}.Release|x86.ActiveCfg = Release|Any CPU
		{41091123-7BB9-44D8-88E1-81D7E54D8B4D}.Release|x86.Build.0 = Release|Any CPU
		{C53465EC-CE23-42E0-9F1F-20CBA39AB297}.Debug|Any CPU.ActiveCfg = Debug|Any CPU
		{C53465EC-CE23-42E0-9F1F-20CBA39AB297}.Debug|Any CPU.Build.0 = Debug|Any CPU
		{C53465EC-CE23-42E0-9F1F-20CBA39AB297}.Debug|x86.ActiveCfg = Debug|Any CPU
		{C53465EC-CE23-42E0-9F1F-20CBA39AB297}.Debug|x86.Build.0 = Debug|Any CPU
		{C53465EC-CE23-42E0-9F1F-20CBA39AB297}.Release|Any CPU.ActiveCfg = Release|Any CPU
		{C53465EC-CE23-42E0-9F1F-20CBA39AB297}.Release|Any CPU.Build.0 = Release|Any CPU
		{C53465EC-CE23-42E0-9F1F-20CBA39AB297}.Release|x86.ActiveCfg = Release|Any CPU
		{C53465EC-CE23-42E0-9F1F-20CBA39AB297}.Release|x86.Build.0 = Release|Any CPU
		{7E283F45-62EC-4BB3-B4A7-157523692287}.Debug|Any CPU.ActiveCfg = Debug|Any CPU
		{7E283F45-62EC-4BB3-B4A7-157523692287}.Debug|Any CPU.Build.0 = Debug|Any CPU
		{7E283F45-62EC-4BB3-B4A7-157523692287}.Debug|x86.ActiveCfg = Debug|Any CPU
		{7E283F45-62EC-4BB3-B4A7-157523692287}.Debug|x86.Build.0 = Debug|Any CPU
		{7E283F45-62EC-4BB3-B4A7-157523692287}.Release|Any CPU.ActiveCfg = Release|Any CPU
		{7E283F45-62EC-4BB3-B4A7-157523692287}.Release|Any CPU.Build.0 = Release|Any CPU
		{7E283F45-62EC-4BB3-B4A7-157523692287}.Release|x86.ActiveCfg = Release|Any CPU
		{7E283F45-62EC-4BB3-B4A7-157523692287}.Release|x86.Build.0 = Release|Any CPU
		{82D95562-E9B0-4632-A349-55485217DEA0}.Debug|Any CPU.ActiveCfg = Debug|Any CPU
		{82D95562-E9B0-4632-A349-55485217DEA0}.Debug|Any CPU.Build.0 = Debug|Any CPU
		{82D95562-E9B0-4632-A349-55485217DEA0}.Debug|x86.ActiveCfg = Debug|Any CPU
		{82D95562-E9B0-4632-A349-55485217DEA0}.Debug|x86.Build.0 = Debug|Any CPU
		{82D95562-E9B0-4632-A349-55485217DEA0}.Release|Any CPU.ActiveCfg = Release|Any CPU
		{82D95562-E9B0-4632-A349-55485217DEA0}.Release|Any CPU.Build.0 = Release|Any CPU
		{82D95562-E9B0-4632-A349-55485217DEA0}.Release|x86.ActiveCfg = Release|Any CPU
		{82D95562-E9B0-4632-A349-55485217DEA0}.Release|x86.Build.0 = Release|Any CPU
	EndGlobalSection
	GlobalSection(SolutionProperties) = preSolution
		HideSolutionNode = FALSE
	EndGlobalSection
	GlobalSection(NestedProjects) = preSolution
		{82D95562-E9B0-4632-A349-55485217DEA0} = {70B997B7-208E-4C9C-BF57-CC644A2E62D4}
	EndGlobalSection
	GlobalSection(ExtensibilityGlobals) = postSolution
		SolutionGuid = {7BA3EED3-5A6E-46E3-90E4-FF8591DEB816}
	EndGlobalSection
EndGlobal
